<?xml version="1.0" encoding="utf-8"?>
<Project ToolsVersion="4.0" xmlns="http://schemas.microsoft.com/developer/msbuild/2003">
  <ItemGroup>
    <Filter Include="Common">
      <UniqueIdentifier>9b4c93f9-f15c-42f2-87ae-a40471821202</UniqueIdentifier>
    </Filter>
    <Filter Include="Assets">
      <UniqueIdentifier>ec7047dd-86c7-4454-a5f6-857929f7b081</UniqueIdentifier>
      <Extensions>bmp;dds;fbx;gif;jpg;jpeg;tga;tiff;tif;png</Extensions>
    </Filter>
    <Filter Include="ATG Tool Kit">
      <UniqueIdentifier>{dc48d5b8-beb2-4df0-9f5d-4b77f95e9671}</UniqueIdentifier>
    </Filter>
    <Filter Include="Common\Telemetry">
      <UniqueIdentifier>{85916337-6ac2-4abc-a078-515e5cab4b7a}</UniqueIdentifier>
    </Filter>
    <Filter Include="Common\Telemetry\ARM">
      <UniqueIdentifier>{27aff3dd-1b22-472c-819a-adb24478bde9}</UniqueIdentifier>
    </Filter>
    <Filter Include="Common\Telemetry\Win32">
      <UniqueIdentifier>{6cc7c081-7fa2-42a0-a996-f92fefc34524}</UniqueIdentifier>
    </Filter>
    <Filter Include="Common\Telemetry\x64">
      <UniqueIdentifier>{edc95a1f-77eb-4dea-a3b4-e5e2601720af}</UniqueIdentifier>
    </Filter>
    <Filter Include="Common\Telemetry\ARM64">
      <UniqueIdentifier>{8bf318b2-aa1a-4bad-beeb-eaec148e34ae}</UniqueIdentifier>
    </Filter>
  </ItemGroup>
  <ItemGroup>
    <ClInclude Include="pch.h" />
    <ClInclude Include="SimpleTriangleUWP.h" />
    <ClInclude Include="StepTimer.h">
      <Filter>Common</Filter>
    </ClInclude>
    <ClInclude Include="DeviceResources.h">
      <Filter>Common</Filter>
    </ClInclude>
    <ClInclude Include="..\..\..\Kits\ATGTK\ReadData.h">
      <Filter>ATG Tool Kit</Filter>
    </ClInclude>
    <ClInclude Include="..\..\..\Kits\ATGTK\ATGColors.h">
      <Filter>ATG Tool Kit</Filter>
    </ClInclude>
  </ItemGroup>
  <ItemGroup>
    <ClCompile Include="pch.cpp" />
    <ClCompile Include="SimpleTriangleUWP.cpp" />
    <ClCompile Include="Main.cpp" />
    <ClCompile Include="DeviceResources.cpp">
      <Filter>Common</Filter>
    </ClCompile>
  </ItemGroup>
  <ItemGroup>
    <Image Include="Assets\Logo.png">
      <Filter>Assets</Filter>
    </Image>
    <Image Include="Assets\SmallLogo.png">
      <Filter>Assets</Filter>
    </Image>
    <Image Include="Assets\SplashScreen.png">
      <Filter>Assets</Filter>
    </Image>
    <Image Include="Assets\StoreLogo.png">
      <Filter>Assets</Filter>
    </Image>
    <Image Include="Assets\WideLogo.png">
      <Filter>Assets</Filter>
    </Image>
  </ItemGroup>
  <ItemGroup>
    <AppxManifest Include="Package.appxmanifest" />
  </ItemGroup>
  <ItemGroup>
    <None Include="Readme.docx" />
    <None Include="..\..\..\Kits\Telemetry\ARM\ATGTelemetryUWP.dll">
      <Filter>Common\Telemetry\ARM</Filter>
    </None>
    <None Include="..\..\..\Kits\Telemetry\x64\ATGTelemetryUWP.dll">
      <Filter>Common\Telemetry\x64</Filter>
    </None>
    <None Include="..\..\..\Kits\Telemetry\Win32\ATGTelemetryUWP.dll">
      <Filter>Common\Telemetry\Win32</Filter>
    </None>
    <None Include="..\..\..\Kits\Telemetry\ARM64\ATGTelemetryUWP.dll">
      <Filter>Common\Telemetry\ARM64</Filter>
    </None>
  </ItemGroup>
  <ItemGroup>
    <FxCompile Include="PixelShader.hlsl">
      <Filter>Assets</Filter>
    </FxCompile>
    <FxCompile Include="VertexShader.hlsl">
      <Filter>Assets</Filter>
    </FxCompile>
  </ItemGroup>
</Project>