<?xml version="1.0" encoding="utf-8"?>
<Project ToolsVersion="4.0" xmlns="http://schemas.microsoft.com/developer/msbuild/2003">
  <ItemGroup>
    <Filter Include="Common">
      <UniqueIdentifier>a9597c6b-d2cd-4098-8796-6e1d6dd715c5</UniqueIdentifier>
    </Filter>
    <Filter Include="Assets">
      <UniqueIdentifier>462b0c2b-09a4-4aed-a2c5-e849dc2629cf</UniqueIdentifier>
      <Extensions>bmp;dds;fbx;gif;jpg;jpeg;tga;tiff;tif;png</Extensions>
    </Filter>
    <Filter Include="ATG Tool Kit">
      <UniqueIdentifier>d6488a1b-1fc6-4b15-9041-7be877a51d5b</UniqueIdentifier>
    </Filter>
  </ItemGroup>
  <ItemGroup>
    <ClInclude Include="pch.h" />
    <ClInclude Include="SimpleDmaDecompression12.h" />
    <ClInclude Include="StepTimer.h">
      <Filter>Common</Filter>
    </ClInclude>
    <ClInclude Include="Telemetry.h">
      <Filter>Common</Filter>
    </ClInclude>
    <ClInclude Include="DeviceResources.h">
      <Filter>Common</Filter>
    </ClInclude>
    <ClInclude Include="..\..\..\..\Kits\ATGTK\ATGColors.h">
      <Filter>ATG Tool Kit</Filter>
    </ClInclude>
    <ClInclude Include="..\..\..\..\Kits\ATGTK\ControllerFont.h">
      <Filter>ATG Tool Kit</Filter>
    </ClInclude>
    <ClInclude Include="..\..\..\..\Kits\ATGTK\RenderTexture.h">
      <Filter>ATG Tool Kit</Filter>
    </ClInclude>
  </ItemGroup>
  <ItemGroup>
    <ClCompile Include="pch.cpp" />
    <ClCompile Include="SimpleDmaDecompression12.cpp" />
    <ClCompile Include="Main.cpp" />
    <ClCompile Include="DeviceResources.cpp">
      <Filter>Common</Filter>
    </ClCompile>
    <ClCompile Include="..\..\..\..\Kits\ATGTK\RenderTexture.cpp">
      <Filter>ATG Tool Kit</Filter>
    </ClCompile>
  </ItemGroup>
  <ItemGroup>
    <AppxManifest Include="Package.appxmanifest" />
  </ItemGroup>
  <ItemGroup>
    <Image Include="Assets\Logo.png">
      <Filter>Assets</Filter>
    </Image>
    <Image Include="Assets\SmallLogo.png">
      <Filter>Assets</Filter>
    </Image>
    <Image Include="Assets\SplashScreen.png">
      <Filter>Assets</Filter>
    </Image>
    <Image Include="Assets\StoreLogo.png">
      <Filter>Assets</Filter>
    </Image>
    <Image Include="Assets\WideLogo.png">
      <Filter>Assets</Filter>
    </Image>
    <Image Include="..\Media\Textures\kittens.dds">
      <Filter>Assets</Filter>
    </Image>
  </ItemGroup>
  <ItemGroup>
    <None Include="..\..\..\..\Media\Fonts\SegoeUI_18.spritefont">
      <Filter>Assets</Filter>
    </None>
    <None Include="..\..\..\..\Media\Fonts\XboxOneControllerSmall.spritefont">
      <Filter>Assets</Filter>
    </None>
    <None Include="..\copymedia.bat" />
    <None Include="..\Media\Textures\kittens.dds.dcmp">
      <Filter>Assets</Filter>
    </None>
    <None Include="..\Readme.docx" />
  </ItemGroup>
  <ItemGroup>
    <Text Include="..\MediaList.txt" />
  </ItemGroup>
</Project>