<?xml version="1.0" encoding="utf-8"?>
<Project ToolsVersion="4.0" xmlns="http://schemas.microsoft.com/developer/msbuild/2003">
  <ItemGroup>
    <Filter Include="Common">
      <UniqueIdentifier>7a2063f1-6fc6-4e30-8443-562410e58ad5</UniqueIdentifier>
    </Filter>
    <Filter Include="Assets">
      <UniqueIdentifier>7d504e78-ecd1-4387-beda-47c60e1fde1b</UniqueIdentifier>
      <Extensions>bmp;dds;fbx;gif;jpg;jpeg;tga;tiff;tif;png</Extensions>
    </Filter>
    <Filter Include="ATG Tool Kit">
      <UniqueIdentifier>1ad73911-4dfc-4e77-9dbf-5514ed09cee3</UniqueIdentifier>
    </Filter>
    <Filter Include="ATG Tool Kit\FullScreenQuad">
      <UniqueIdentifier>{4fcc2d46-049b-4e4c-bcfe-03315294ee53}</UniqueIdentifier>
    </Filter>
    <Filter Include="Shaders">
      <UniqueIdentifier>{31d8a8b3-6c46-487c-9ff9-84a5d7a4c7c5}</UniqueIdentifier>
    </Filter>
  </ItemGroup>
  <ItemGroup>
    <ClInclude Include="pch.h" />
    <ClInclude Include="FastBlockCompress.h" />
    <ClInclude Include="StepTimer.h">
      <Filter>Common</Filter>
    </ClInclude>
    <ClInclude Include="Telemetry.h">
      <Filter>Common</Filter>
    </ClInclude>
    <ClInclude Include="DeviceResources.h">
      <Filter>Common</Filter>
    </ClInclude>
    <ClInclude Include="..\..\..\Kits\ATGTK\ATGColors.h">
      <Filter>ATG Tool Kit</Filter>
    </ClInclude>
    <ClInclude Include="..\..\..\Kits\ATGTK\ControllerFont.h">
      <Filter>ATG Tool Kit</Filter>
    </ClInclude>
    <ClInclude Include="..\..\..\Kits\ATGTK\FullScreenQuad\FullScreenQuad.h">
      <Filter>ATG Tool Kit\FullScreenQuad</Filter>
    </ClInclude>
    <ClInclude Include="..\..\..\Kits\ATGTK\ReadData.h">
      <Filter>ATG Tool Kit</Filter>
    </ClInclude>
    <ClInclude Include="FBC_GPU.h" />
    <ClInclude Include="..\..\..\Kits\ATGTK\PerformanceTimersXbox.h">
      <Filter>ATG Tool Kit</Filter>
    </ClInclude>
    <ClInclude Include="FBC_CPU.h" />
  </ItemGroup>
  <ItemGroup>
    <ClCompile Include="pch.cpp" />
    <ClCompile Include="FastBlockCompress.cpp" />
    <ClCompile Include="Main.cpp" />
    <ClCompile Include="DeviceResources.cpp">
      <Filter>Common</Filter>
    </ClCompile>
    <ClCompile Include="..\..\..\Kits\ATGTK\FullScreenQuad\FullScreenQuad.cpp">
      <Filter>ATG Tool Kit\FullScreenQuad</Filter>
    </ClCompile>
    <ClCompile Include="FBC_GPU.cpp" />
    <ClCompile Include="..\..\..\Kits\ATGTK\PerformanceTimersXbox.cpp">
      <Filter>ATG Tool Kit</Filter>
    </ClCompile>
    <ClCompile Include="FBC_CPU.cpp" />
  </ItemGroup>
  <ItemGroup>
    <AppxManifest Include="Package.appxmanifest" />
  </ItemGroup>
  <ItemGroup>
    <Image Include="Assets\Logo.png">
      <Filter>Assets</Filter>
    </Image>
    <Image Include="Assets\SmallLogo.png">
      <Filter>Assets</Filter>
    </Image>
    <Image Include="Assets\SplashScreen.png">
      <Filter>Assets</Filter>
    </Image>
    <Image Include="Assets\StoreLogo.png">
      <Filter>Assets</Filter>
    </Image>
    <Image Include="Assets\WideLogo.png">
      <Filter>Assets</Filter>
    </Image>
    <Image Include="Assets\alpha.DDS">
      <Filter>Assets</Filter>
    </Image>
    <Image Include="Assets\alpha_offline_bc3.DDS">
      <Filter>Assets</Filter>
    </Image>
    <Image Include="Assets\alpha_offline_bc7.dds">
      <Filter>Assets</Filter>
    </Image>
    <Image Include="Assets\normal.dds">
      <Filter>Assets</Filter>
    </Image>
    <Image Include="Assets\normal_offline_bc5.DDS">
      <Filter>Assets</Filter>
    </Image>
    <Image Include="Assets\normal_offline_bc7.dds">
      <Filter>Assets</Filter>
    </Image>
    <Image Include="Assets\opaque_512.dds">
      <Filter>Assets</Filter>
    </Image>
    <Image Include="Assets\opaque_512_offline_bc1.DDS">
      <Filter>Assets</Filter>
    </Image>
    <Image Include="Assets\opaque_512_offline_bc7.dds">
      <Filter>Assets</Filter>
    </Image>
    <Image Include="Assets\opaque_1024.DDS">
      <Filter>Assets</Filter>
    </Image>
    <Image Include="Assets\opaque_1024_offline_bc1.DDS">
      <Filter>Assets</Filter>
    </Image>
    <Image Include="Assets\opaque_1024_offline_bc7.dds">
      <Filter>Assets</Filter>
    </Image>
  </ItemGroup>
  <ItemGroup>
    <None Include="..\..\..\Media\Fonts\SegoeUI_18.spritefont">
      <Filter>Assets</Filter>
    </None>
    <None Include="..\..\..\Media\Fonts\XboxOneControllerSmall.spritefont">
      <Filter>Assets</Filter>
    </None>
    <None Include="..\..\..\Media\Fonts\XboxOneControllerLegendSmall.spritefont">
      <Filter>Assets</Filter>
    </None>
    <None Include="..\..\..\Kits\ATGTK\FullScreenQuad\FullScreenQuad.hlsli">
      <Filter>ATG Tool Kit\FullScreenQuad</Filter>
    </None>
    <None Include="Shaders\RMS.hlsli">
      <Filter>Shaders</Filter>
    </None>
    <None Include="Shaders\BlockCompress.hlsli">
      <Filter>Shaders</Filter>
    </None>
    <None Include="Readme.docx" />
  </ItemGroup>
  <ItemGroup>
    <FxCompile Include="..\..\..\Kits\ATGTK\FullScreenQuad\FullScreenQuadPS.hlsl">
      <Filter>ATG Tool Kit\FullScreenQuad</Filter>
    </FxCompile>
    <FxCompile Include="..\..\..\Kits\ATGTK\FullScreenQuad\FullScreenQuadVS.hlsl">
      <Filter>ATG Tool Kit\FullScreenQuad</Filter>
    </FxCompile>
    <FxCompile Include="Shaders\RMSReduce.hlsl">
      <Filter>Shaders</Filter>
    </FxCompile>
    <FxCompile Include="Shaders\RMSError.hlsl">
      <Filter>Shaders</Filter>
    </FxCompile>
    <FxCompile Include="Shaders\BC1Compress.hlsl">
      <Filter>Shaders</Filter>
    </FxCompile>
    <FxCompile Include="Shaders\BC1Compress2Mips.hlsl">
      <Filter>Shaders</Filter>
    </FxCompile>
    <FxCompile Include="Shaders\BC1CompressTailMips.hlsl">
      <Filter>Shaders</Filter>
    </FxCompile>
    <FxCompile Include="Shaders\BC3Compress.hlsl">
      <Filter>Shaders</Filter>
    </FxCompile>
    <FxCompile Include="Shaders\BC3Compress2Mips.hlsl">
      <Filter>Shaders</Filter>
    </FxCompile>
    <FxCompile Include="Shaders\BC3CompressTailMips.hlsl">
      <Filter>Shaders</Filter>
    </FxCompile>
    <FxCompile Include="Shaders\BC5Compress.hlsl">
      <Filter>Shaders</Filter>
    </FxCompile>
    <FxCompile Include="Shaders\BC5Compress2Mips.hlsl">
      <Filter>Shaders</Filter>
    </FxCompile>
    <FxCompile Include="Shaders\BC5CompressTailMips.hlsl">
      <Filter>Shaders</Filter>
    </FxCompile>
    <FxCompile Include="Shaders\QuadWithCamera.hlsl">
      <Filter>Shaders</Filter>
    </FxCompile>
  </ItemGroup>
</Project>