
Microsoft Visual Studio Solution File, Format Version 12.00
# Visual Studio 14
VisualStudioVersion = 14.0.25123.0
MinimumVisualStudioVersion = 10.0.40219.1
Project("{8BC9CEB8-8B4A-11D0-8D11-00A0C91BC942}") = "NLSAndLocalizationUWP", "NLSAndLocalizationUWP.vcxproj", "{D5C2A063-6F5B-4A35-9864-811836B869F3}"
EndProject
Project("{8BC9CEB8-8B4A-11D0-8D11-00A0C91BC942}") = "DirectXTK", "..\..\..\Kits\DirectXTK\DirectXTK_Windows10.vcxproj", "{F4776924-619C-42C7-88B2-82C947CCC9E7}"
EndProject
Global
	GlobalSection(SolutionConfigurationPlatforms) = preSolution
		Debug|ARM = Debug|ARM
		Debug|x64 = Debug|x64
		Debug|x86 = Debug|x86
		Release|ARM = Release|ARM
		Release|x64 = Release|x64
		Release|x86 = Release|x86
	EndGlobalSection
	GlobalSection(ProjectConfigurationPlatforms) = postSolution
		{D5C2A063-6F5B-4A35-9864-811836B869F3}.Debug|ARM.ActiveCfg = Debug|ARM
		{D5C2A063-6F5B-4A35-9864-811836B869F3}.Debug|ARM.Build.0 = Debug|ARM
		{D5C2A063-6F5B-4A35-9864-811836B869F3}.Debug|ARM.Deploy.0 = Debug|ARM
		{D5C2A063-6F5B-4A35-9864-811836B869F3}.Debug|x64.ActiveCfg = Debug|x64
		{D5C2A063-6F5B-4A35-9864-811836B869F3}.Debug|x64.Build.0 = Debug|x64
		{D5C2A063-6F5B-4A35-9864-811836B869F3}.Debug|x64.Deploy.0 = Debug|x64
		{D5C2A063-6F5B-4A35-9864-811836B869F3}.Debug|x86.ActiveCfg = Debug|Win32
		{D5C2A063-6F5B-4A35-9864-811836B869F3}.Debug|x86.Build.0 = Debug|Win32
		{D5C2A063-6F5B-4A35-9864-811836B869F3}.Debug|x86.Deploy.0 = Debug|Win32
		{D5C2A063-6F5B-4A35-9864-811836B869F3}.Release|ARM.ActiveCfg = Release|ARM
		{D5C2A063-6F5B-4A35-9864-811836B869F3}.Release|ARM.Build.0 = Release|ARM
		{D5C2A063-6F5B-4A35-9864-811836B869F3}.Release|ARM.Deploy.0 = Release|ARM
		{D5C2A063-6F5B-4A35-9864-811836B869F3}.Release|x64.ActiveCfg = Release|x64
		{D5C2A063-6F5B-4A35-9864-811836B869F3}.Release|x64.Build.0 = Release|x64
		{D5C2A063-6F5B-4A35-9864-811836B869F3}.Release|x64.Deploy.0 = Release|x64
		{D5C2A063-6F5B-4A35-9864-811836B869F3}.Release|x86.ActiveCfg = Release|Win32
		{D5C2A063-6F5B-4A35-9864-811836B869F3}.Release|x86.Build.0 = Release|Win32
		{D5C2A063-6F5B-4A35-9864-811836B869F3}.Release|x86.Deploy.0 = Release|Win32
		{F4776924-619C-42C7-88B2-82C947CCC9E7}.Debug|ARM.ActiveCfg = Debug|ARM
		{F4776924-619C-42C7-88B2-82C947CCC9E7}.Debug|ARM.Build.0 = Debug|ARM
		{F4776924-619C-42C7-88B2-82C947CCC9E7}.Debug|x64.ActiveCfg = Debug|x64
		{F4776924-619C-42C7-88B2-82C947CCC9E7}.Debug|x64.Build.0 = Debug|x64
		{F4776924-619C-42C7-88B2-82C947CCC9E7}.Debug|x86.ActiveCfg = Debug|Win32
		{F4776924-619C-42C7-88B2-82C947CCC9E7}.Debug|x86.Build.0 = Debug|Win32
		{F4776924-619C-42C7-88B2-82C947CCC9E7}.Release|ARM.ActiveCfg = Release|ARM
		{F4776924-619C-42C7-88B2-82C947CCC9E7}.Release|ARM.Build.0 = Release|ARM
		{F4776924-619C-42C7-88B2-82C947CCC9E7}.Release|x64.ActiveCfg = Release|x64
		{F4776924-619C-42C7-88B2-82C947CCC9E7}.Release|x64.Build.0 = Release|x64
		{F4776924-619C-42C7-88B2-82C947CCC9E7}.Release|x86.ActiveCfg = Release|Win32
		{F4776924-619C-42C7-88B2-82C947CCC9E7}.Release|x86.Build.0 = Release|Win32
	EndGlobalSection
	GlobalSection(SolutionProperties) = preSolution
		HideSolutionNode = FALSE
	EndGlobalSection
EndGlobal
