<?xml version="1.0" encoding="utf-8"?>
<Project ToolsVersion="4.0" xmlns="http://schemas.microsoft.com/developer/msbuild/2003">
  <ItemGroup>
    <Filter Include="Common">
      <UniqueIdentifier>48847665-22a2-4822-9047-24f09df08905</UniqueIdentifier>
    </Filter>
    <Filter Include="Assets">
      <UniqueIdentifier>c7d8fe21-0e18-401e-9b4b-e272123c2d87</UniqueIdentifier>
      <Extensions>bmp;dds;fbx;gif;jpg;jpeg;tga;tiff;tif;png</Extensions>
    </Filter>
    <Filter Include="ATG Tool Kit">
      <UniqueIdentifier>c1e09952-1cce-416e-b7c0-2ae2f2bfc95d</UniqueIdentifier>
    </Filter>
    <Filter Include="Documentation">
      <UniqueIdentifier>{b0705968-5cf6-4269-984a-2f8adc555c82}</UniqueIdentifier>
    </Filter>
  </ItemGroup>
  <ItemGroup>
    <ClInclude Include="pch.h" />
    <ClInclude Include="CustomEventProvider.h" />
    <ClInclude Include="StepTimer.h">
      <Filter>Common</Filter>
    </ClInclude>
    <ClInclude Include="Telemetry.h">
      <Filter>Common</Filter>
    </ClInclude>
    <ClInclude Include="DeviceResources.h">
      <Filter>Common</Filter>
    </ClInclude>
    <ClInclude Include="..\..\..\Kits\ATGTK\ATGColors.h">
      <Filter>ATG Tool Kit</Filter>
    </ClInclude>
    <ClInclude Include="EtwScopedEvent.h" />
    <ClInclude Include="etwproviderGenerated.h" />
    <ClInclude Include="..\..\..\Kits\ATGTK\ReadData.h">
      <Filter>ATG Tool Kit</Filter>
    </ClInclude>
  </ItemGroup>
  <ItemGroup>
    <ClCompile Include="pch.cpp" />
    <ClCompile Include="CustomEventProvider.cpp" />
    <ClCompile Include="Main.cpp" />
    <ClCompile Include="DeviceResources.cpp">
      <Filter>Common</Filter>
    </ClCompile>
  </ItemGroup>
  <ItemGroup>
    <AppxManifest Include="Package.appxmanifest" />
  </ItemGroup>
  <ItemGroup>
    <Image Include="Assets\Logo.png">
      <Filter>Assets</Filter>
    </Image>
    <Image Include="Assets\SmallLogo.png">
      <Filter>Assets</Filter>
    </Image>
    <Image Include="Assets\SplashScreen.png">
      <Filter>Assets</Filter>
    </Image>
    <Image Include="Assets\StoreLogo.png">
      <Filter>Assets</Filter>
    </Image>
    <Image Include="Assets\WideLogo.png">
      <Filter>Assets</Filter>
    </Image>
  </ItemGroup>
  <ItemGroup>
    <ResourceCompile Include="etwproviderGenerated.rc" />
  </ItemGroup>
  <ItemGroup>
    <None Include="etwproviderGeneratedTEMP.BIN" />
    <None Include="etwproviderGeneratedTEMP.BIN.meta" />
    <None Include="etwproviderGenerated_MSG00001.bin" />
    <None Include="etwproviderGenerated_MSG00001.bin.meta" />
    <None Include="ReadMe.docx">
      <Filter>Documentation</Filter>
    </None>
    <None Include="CustomEventProvider_ReadMe_ja-jp.docx">
      <Filter>Documentation</Filter>
    </None>
    <None Include="CustomEventProvider_ReadMe_ko-kr.docx">
      <Filter>Documentation</Filter>
    </None>
    <None Include="CustomEventProvider_ReadMe_zh-cn.docx">
      <Filter>Documentation</Filter>
    </None>
  </ItemGroup>
</Project>