<?xml version="1.0" encoding="utf-8"?>
<Project ToolsVersion="4.0" xmlns="http://schemas.microsoft.com/developer/msbuild/2003">
  <ItemGroup>
    <Filter Include="Common">
      <UniqueIdentifier>106054ba-3eab-40de-9c1c-68c8de17b6d3</UniqueIdentifier>
    </Filter>
    <Filter Include="Assets">
      <UniqueIdentifier>acf60e79-e1cb-4bdf-9d87-30437c896497</UniqueIdentifier>
      <Extensions>bmp;dds;fbx;gif;jpg;jpeg;tga;tiff;tif;png</Extensions>
    </Filter>
    <Filter Include="ATG Tool Kit">
      <UniqueIdentifier>b4b59a55-9631-4aa5-a65e-c451b2fdf91f</UniqueIdentifier>
    </Filter>
    <Filter Include="Documentation">
      <UniqueIdentifier>{dc11b2a7-94cb-45e2-b006-70428050f13f}</UniqueIdentifier>
    </Filter>
  </ItemGroup>
  <ItemGroup>
    <ClInclude Include="pch.h" />
    <ClInclude Include="SimpleWASAPIPlaySoundXDK.h" />
    <ClInclude Include="StepTimer.h">
      <Filter>Common</Filter>
    </ClInclude>
    <ClInclude Include="Telemetry.h">
      <Filter>Common</Filter>
    </ClInclude>
    <ClInclude Include="DeviceResources.h">
      <Filter>Common</Filter>
    </ClInclude>
    <ClInclude Include="..\..\..\Kits\ATGTK\ATGColors.h">
      <Filter>ATG Tool Kit</Filter>
    </ClInclude>
    <ClInclude Include="common.h" />
    <ClInclude Include="DeviceState.h" />
    <ClInclude Include="ToneSampleGenerator.h" />
    <ClInclude Include="WASAPIManager.h" />
    <ClInclude Include="WASAPIRenderer.h" />
    <ClInclude Include="..\..\..\Kits\ATGTK\ControllerFont.h">
      <Filter>ATG Tool Kit</Filter>
    </ClInclude>
  </ItemGroup>
  <ItemGroup>
    <ClCompile Include="pch.cpp" />
    <ClCompile Include="SimpleWASAPIPlaySoundXDK.cpp" />
    <ClCompile Include="Main.cpp" />
    <ClCompile Include="DeviceResources.cpp">
      <Filter>Common</Filter>
    </ClCompile>
    <ClCompile Include="ToneSampleGenerator.cpp" />
    <ClCompile Include="WASAPIManager.cpp" />
    <ClCompile Include="WASAPIRenderer.cpp" />
  </ItemGroup>
  <ItemGroup>
    <AppxManifest Include="Package.appxmanifest" />
  </ItemGroup>
  <ItemGroup>
    <Image Include="Assets\Logo.png">
      <Filter>Assets</Filter>
    </Image>
    <Image Include="Assets\SmallLogo.png">
      <Filter>Assets</Filter>
    </Image>
    <Image Include="Assets\SplashScreen.png">
      <Filter>Assets</Filter>
    </Image>
    <Image Include="Assets\StoreLogo.png">
      <Filter>Assets</Filter>
    </Image>
    <Image Include="Assets\WideLogo.png">
      <Filter>Assets</Filter>
    </Image>
  </ItemGroup>
  <ItemGroup>
    <None Include="..\..\..\Media\Fonts\SegoeUI_18.spritefont">
      <Filter>Assets</Filter>
    </None>
    <None Include="..\..\..\Media\Fonts\XboxOneControllerLegendSmall.spritefont">
      <Filter>Assets</Filter>
    </None>
    <None Include="Readme.docx">
      <Filter>Documentation</Filter>
    </None>
    <None Include="SimpleWASAPIPlaySoundXDK_Readme_ja-jp.docx">
      <Filter>Documentation</Filter>
    </None>
    <None Include="SimpleWASAPIPlaySoundXDK_Readme_ko-kr.docx">
      <Filter>Documentation</Filter>
    </None>
    <None Include="SimpleWASAPIPlaySoundXDK_Readme_zh-cn.docx">
      <Filter>Documentation</Filter>
    </None>
  </ItemGroup>
</Project>