<?xml version="1.0" encoding="utf-8"?>
<Project ToolsVersion="4.0" xmlns="http://schemas.microsoft.com/developer/msbuild/2003">
  <ItemGroup>
    <Filter Include="HDR">
      <UniqueIdentifier>{5353193f-50b6-4882-a399-bb6ede015e6b}</UniqueIdentifier>
    </Filter>
    <Filter Include="Standard Sample Files">
      <UniqueIdentifier>{f8f8d82e-780f-41c2-a1fa-2fc5f13dbb60}</UniqueIdentifier>
    </Filter>
    <Filter Include="Standard Sample Files\Common">
      <UniqueIdentifier>25160a6d-cd71-419d-8498-5b9c11dbf3f5</UniqueIdentifier>
    </Filter>
    <Filter Include="Standard Sample Files\Assets">
      <UniqueIdentifier>1e3c50b8-3d77-48a3-9fec-53124e37acce</UniqueIdentifier>
      <Extensions>ico;cur;bmp;dds;dlg;fbx;rct;bin;rgs;gif;jpg;jpeg;jpe;resx;tga;tiff;tif;png;wav;mfcribbon-ms</Extensions>
    </Filter>
    <Filter Include="Standard Sample Files\ATG Tool Kit">
      <UniqueIdentifier>58aef732-f7de-45fc-b996-fa9afa65002b</UniqueIdentifier>
    </Filter>
    <Filter Include="Standard Sample Files\ATG Tool Kit\FullScreenQuad">
      <UniqueIdentifier>{8cf15874-fc33-4ab8-80be-8ac94754a369}</UniqueIdentifier>
    </Filter>
    <Filter Include="Standard Sample Files\Shaders">
      <UniqueIdentifier>{1bbd79a6-8678-4783-b09d-353d49403b16}</UniqueIdentifier>
    </Filter>
    <Filter Include="Documentation">
      <UniqueIdentifier>{7112a9ef-3c29-4124-8b93-f072527d3445}</UniqueIdentifier>
    </Filter>
  </ItemGroup>
  <ItemGroup>
    <ClInclude Include="pch.h" />
    <ClInclude Include="StepTimer.h">
      <Filter>Standard Sample Files\Common</Filter>
    </ClInclude>
    <ClInclude Include="..\..\..\Kits\ATGTK\d3dx12.h">
      <Filter>Standard Sample Files\ATG Tool Kit</Filter>
    </ClInclude>
    <ClInclude Include="..\..\..\Kits\ATGTK\FindMedia.h">
      <Filter>Standard Sample Files\ATG Tool Kit</Filter>
    </ClInclude>
    <ClInclude Include="DeviceResources.h">
      <Filter>HDR</Filter>
    </ClInclude>
    <ClInclude Include="..\..\..\Kits\ATGTK\HDR\HDRCommon.h">
      <Filter>HDR</Filter>
    </ClInclude>
    <ClInclude Include="SimpleHDR_PC12.h">
      <Filter>HDR</Filter>
    </ClInclude>
    <ClInclude Include="..\..\..\Kits\ATGTK\ControllerFont.h">
      <Filter>Standard Sample Files\ATG Tool Kit</Filter>
    </ClInclude>
    <ClInclude Include="..\..\..\Kits\ATGTK\ReadData.h">
      <Filter>Standard Sample Files\ATG Tool Kit</Filter>
    </ClInclude>
    <ClInclude Include="..\..\..\Kits\ATGTK\RenderTexture.h">
      <Filter>Standard Sample Files\ATG Tool Kit</Filter>
    </ClInclude>
    <ClInclude Include="..\..\..\Kits\ATGTK\FullScreenQuad\FullScreenQuad.h">
      <Filter>Standard Sample Files\ATG Tool Kit\FullScreenQuad</Filter>
    </ClInclude>
  </ItemGroup>
  <ItemGroup>
    <ClCompile Include="pch.cpp" />
    <ClCompile Include="Main.cpp" />
    <ClCompile Include="DeviceResources.cpp">
      <Filter>HDR</Filter>
    </ClCompile>
    <ClCompile Include="SimpleHDR_PC12.cpp">
      <Filter>HDR</Filter>
    </ClCompile>
    <ClCompile Include="..\..\..\Kits\ATGTK\RenderTexture.cpp">
      <Filter>Standard Sample Files\ATG Tool Kit</Filter>
    </ClCompile>
    <ClCompile Include="..\..\..\Kits\ATGTK\FullScreenQuad\FullScreenQuad.cpp">
      <Filter>Standard Sample Files\ATG Tool Kit\FullScreenQuad</Filter>
    </ClCompile>
  </ItemGroup>
  <ItemGroup>
    <ResourceCompile Include="resource.rc" />
  </ItemGroup>
  <ItemGroup>
    <Image Include="atg.ico">
      <Filter>Standard Sample Files\Assets</Filter>
    </Image>
  </ItemGroup>
  <ItemGroup>
    <Manifest Include="settings.manifest">
      <Filter>Standard Sample Files\Assets</Filter>
    </Manifest>
  </ItemGroup>
  <ItemGroup>
    <None Include="..\..\..\Kits\ATGTK\HDR\HDRCommon.hlsli">
      <Filter>HDR</Filter>
    </None>
    <None Include="..\..\..\Media\Fonts\Courier_36.spritefont">
      <Filter>Standard Sample Files\Assets</Filter>
    </None>
    <None Include="..\..\..\Media\Fonts\XboxOneControllerLegendSmall.spritefont">
      <Filter>Standard Sample Files\Assets</Filter>
    </None>
    <None Include="..\..\..\Kits\ATGTK\FullScreenQuad\FullScreenQuad.hlsli">
      <Filter>Standard Sample Files\ATG Tool Kit\FullScreenQuad</Filter>
    </None>
    <None Include="Readme.docx">
      <Filter>Documentation</Filter>
    </None>
    <None Include="SimpleHDR_PC12_Readme_ja-jp.docx">
      <Filter>Documentation</Filter>
    </None>
    <None Include="SimpleHDR_PC12_Readme_ko-kr.docx">
      <Filter>Documentation</Filter>
    </None>
    <None Include="SimpleHDR_PC12_Readme_zh-cn.docx">
      <Filter>Documentation</Filter>
    </None>
  </ItemGroup>
  <ItemGroup>
    <FxCompile Include="ColorPS.hlsl">
      <Filter>Standard Sample Files\Shaders</Filter>
    </FxCompile>
    <FxCompile Include="..\..\..\Kits\ATGTK\FullScreenQuad\FullScreenQuadPS.hlsl">
      <Filter>Standard Sample Files\ATG Tool Kit\FullScreenQuad</Filter>
    </FxCompile>
    <FxCompile Include="..\..\..\Kits\ATGTK\FullScreenQuad\FullScreenQuadVS.hlsl">
      <Filter>Standard Sample Files\ATG Tool Kit\FullScreenQuad</Filter>
    </FxCompile>
    <FxCompile Include="ToneMapSDRPS.hlsl">
      <Filter>HDR</Filter>
    </FxCompile>
    <FxCompile Include="PrepareSwapChainBuffersPS.hlsl">
      <Filter>HDR</Filter>
    </FxCompile>
  </ItemGroup>
</Project>