<?xml version="1.0" encoding="utf-8"?>
<Project ToolsVersion="4.0" xmlns="http://schemas.microsoft.com/developer/msbuild/2003">
  <ItemGroup>
    <Filter Include="Common">
      <UniqueIdentifier>e7a2a878-74a4-4a7b-84b7-78050ea69bff</UniqueIdentifier>
    </Filter>
    <Filter Include="Assets">
      <UniqueIdentifier>c0142290-8848-4822-bf43-02cd82d7e5d9</UniqueIdentifier>
      <Extensions>bmp;dds;fbx;gif;jpg;jpeg;tga;tiff;tif;png</Extensions>
    </Filter>
    <Filter Include="ATG Tool Kit">
      <UniqueIdentifier>5032320a-849d-42e2-bce6-c88fcd37aeaa</UniqueIdentifier>
    </Filter>
    <Filter Include="Common\Telemetry">
      <UniqueIdentifier>830495d3-36e8-4aec-9ab6-69cf6940a6d4</UniqueIdentifier>
    </Filter>
    <Filter Include="Common\Telemetry\ARM">
      <UniqueIdentifier>b0c16687-f803-4fec-a853-63f86e249b08</UniqueIdentifier>
    </Filter>
    <Filter Include="Common\Telemetry\Win32">
      <UniqueIdentifier>f3c3868e-6dbb-42ca-beac-94b10fa0aa49</UniqueIdentifier>
    </Filter>
    <Filter Include="Common\Telemetry\x64">
      <UniqueIdentifier>78f4c26d-0d6c-4a31-beb3-b532c068e134</UniqueIdentifier>
    </Filter>
  </ItemGroup>
  <ItemGroup>
    <ClInclude Include="pch.h" />
    <ClInclude Include="StepTimer.h">
      <Filter>Common</Filter>
    </ClInclude>
    <ClInclude Include="DeviceResources.h">
      <Filter>Common</Filter>
    </ClInclude>
    <ClInclude Include="..\..\..\Kits\ATGTK\d3dx12.h">
      <Filter>ATG Tool Kit</Filter>
    </ClInclude>
    <ClInclude Include="..\..\..\Kits\ATGTK\ATGColors.h">
      <Filter>ATG Tool Kit</Filter>
    </ClInclude>
    <ClInclude Include="SimpleTriangleUWP12.h" />
    <ClInclude Include="..\..\..\Kits\ATGTK\ReadData.h">
      <Filter>ATG Tool Kit</Filter>
    </ClInclude>
  </ItemGroup>
  <ItemGroup>
    <ClCompile Include="pch.cpp" />
    <ClCompile Include="Main.cpp" />
    <ClCompile Include="DeviceResources.cpp">
      <Filter>Common</Filter>
    </ClCompile>
    <ClCompile Include="SimpleTriangleUWP12.cpp" />
  </ItemGroup>
  <ItemGroup>
    <Image Include="Assets\Logo.png">
      <Filter>Assets</Filter>
    </Image>
    <Image Include="Assets\SmallLogo.png">
      <Filter>Assets</Filter>
    </Image>
    <Image Include="Assets\SplashScreen.png">
      <Filter>Assets</Filter>
    </Image>
    <Image Include="Assets\StoreLogo.png">
      <Filter>Assets</Filter>
    </Image>
    <Image Include="Assets\WideLogo.png">
      <Filter>Assets</Filter>
    </Image>
  </ItemGroup>
  <ItemGroup>
    <None Include="..\..\..\Kits\Telemetry\ARM\ATGTelemetryUWP.dll">
      <Filter>Common\Telemetry\ARM</Filter>
    </None>
    <None Include="..\..\..\Kits\Telemetry\Win32\ATGTelemetryUWP.dll">
      <Filter>Common\Telemetry\Win32</Filter>
    </None>
    <None Include="..\..\..\Kits\Telemetry\x64\ATGTelemetryUWP.dll">
      <Filter>Common\Telemetry\x64</Filter>
    </None>
    <None Include="Readme.docx" />
  </ItemGroup>
  <ItemGroup>
    <AppxManifest Include="Package.appxmanifest" />
  </ItemGroup>
  <ItemGroup>
    <FxCompile Include="PixelShader.hlsl">
      <Filter>Assets</Filter>
    </FxCompile>
    <FxCompile Include="VertexShader.hlsl">
      <Filter>Assets</Filter>
    </FxCompile>
  </ItemGroup>
</Project>