<?xml version="1.0" encoding="utf-8"?>
<Project ToolsVersion="4.0" xmlns="http://schemas.microsoft.com/developer/msbuild/2003">
  <ItemGroup>
    <ClCompile Include="DumpTool.cpp" />
    <ClCompile Include="pch.cpp" />
    <ClCompile Include="..\..\..\Kits\ATGTK\CommandLineHelpers.cpp">
      <Filter>ATGTK</Filter>
    </ClCompile>
  </ItemGroup>
  <ItemGroup>
    <ClInclude Include="pch.h" />
    <ClInclude Include="..\..\..\Kits\ATGTK\FileHelpers.h">
      <Filter>ATGTK</Filter>
    </ClInclude>
    <ClInclude Include="..\..\..\Kits\ATGTK\CommandLineHelpers.h">
      <Filter>ATGTK</Filter>
    </ClInclude>
    <ClInclude Include="..\..\..\Kits\ATGTK\OSHelpers.h">
      <Filter>ATGTK</Filter>
    </ClInclude>
  </ItemGroup>
  <ItemGroup>
    <Filter Include="ATGTK">
      <UniqueIdentifier>{e90e6930-6ac7-4099-add1-3d7c1cbc09aa}</UniqueIdentifier>
    </Filter>
  </ItemGroup>
  <ItemGroup>
    <None Include="runCommand.bat" />
    <None Include="Readme.docx" />
  </ItemGroup>
</Project>