<?xml version="1.0" encoding="utf-8"?>
<Project ToolsVersion="4.0" xmlns="http://schemas.microsoft.com/developer/msbuild/2003">
  <ItemGroup>
    <Filter Include="ATG Tool Kit">
      <UniqueIdentifier>{c6391268-837a-4b32-b01f-28a0fcfde7d3}</UniqueIdentifier>
    </Filter>
    <Filter Include="Documentation">
      <UniqueIdentifier>{5b969b1b-6d26-434b-ba76-8e6a54372463}</UniqueIdentifier>
    </Filter>
  </ItemGroup>
  <ItemGroup>
    <ClCompile Include="main.cpp" />
    <ClCompile Include="pch.cpp" />
    <ClCompile Include="GGO_Glyph.cpp" />
    <ClCompile Include="..\..\..\Kits\ATGTK\FrontPanel\RasterFont.cpp">
      <Filter>ATG Tool Kit</Filter>
    </ClCompile>
    <ClCompile Include="..\..\..\Kits\ATGTK\CommandLineHelpers.cpp">
      <Filter>ATG Tool Kit</Filter>
    </ClCompile>
    <ClCompile Include="..\..\..\Kits\ATGTK\FrontPanel\BufferDescriptor.cpp">
      <Filter>ATG Tool Kit</Filter>
    </ClCompile>
  </ItemGroup>
  <ItemGroup>
    <ClInclude Include="pch.h" />
    <ClInclude Include="GGO_Glyph.h" />
    <ClInclude Include="..\..\..\Kits\ATGTK\FrontPanel\RasterFont.h">
      <Filter>ATG Tool Kit</Filter>
    </ClInclude>
    <ClInclude Include="..\..\..\Kits\ATGTK\CommandLineHelpers.h">
      <Filter>ATG Tool Kit</Filter>
    </ClInclude>
    <ClInclude Include="..\..\..\Kits\ATGTK\FileHelpers.h">
      <Filter>ATG Tool Kit</Filter>
    </ClInclude>
    <ClInclude Include="..\..\..\Kits\ATGTK\Serialization.h">
      <Filter>ATG Tool Kit</Filter>
    </ClInclude>
    <ClInclude Include="..\..\..\Kits\ATGTK\FrontPanel\BufferDescriptor.h">
      <Filter>ATG Tool Kit</Filter>
    </ClInclude>
    <ClInclude Include="..\..\..\Kits\ATGTK\OSHelpers.h">
      <Filter>ATG Tool Kit</Filter>
    </ClInclude>
  </ItemGroup>
  <ItemGroup>
    <None Include="readme.docx">
      <Filter>Documentation</Filter>
    </None>
    <None Include="RasterFontGen_Readme_ja-jp.docx">
      <Filter>Documentation</Filter>
    </None>
    <None Include="RasterFontGen_Readme_ko-kr.docx">
      <Filter>Documentation</Filter>
    </None>
    <None Include="RasterFontGen_Readme_zh-cn.docx">
      <Filter>Documentation</Filter>
    </None>
  </ItemGroup>
</Project>