<?xml version="1.0" encoding="utf-8"?>
<Project ToolsVersion="4.0" xmlns="http://schemas.microsoft.com/developer/msbuild/2003">
  <ItemGroup>
    <Filter Include="Common">
      <UniqueIdentifier>f17cd33c-0f0b-408b-84cf-2492ef05f933</UniqueIdentifier>
    </Filter>
    <Filter Include="Assets">
      <UniqueIdentifier>d9036309-8276-442f-a17b-a4a1a34e6c70</UniqueIdentifier>
      <Extensions>bmp;dds;fbx;gif;jpg;jpeg;tga;tiff;tif;png</Extensions>
    </Filter>
    <Filter Include="ATG Tool Kit">
      <UniqueIdentifier>1336e599-befc-43d0-b4e3-3411b0359051</UniqueIdentifier>
    </Filter>
    <Filter Include="Assets\Fonts">
      <UniqueIdentifier>{5208eb8f-b02a-452f-a6ab-53af3b2f69c9}</UniqueIdentifier>
    </Filter>
    <Filter Include="Assets\Logo">
      <UniqueIdentifier>{ecce2482-d50e-49d2-8f02-0f8a1f4f4b5d}</UniqueIdentifier>
    </Filter>
    <Filter Include="Assets\Models">
      <UniqueIdentifier>{ff2ff365-4796-4c98-bd83-b56ba0ec2261}</UniqueIdentifier>
    </Filter>
  </ItemGroup>
  <ItemGroup>
    <ClInclude Include="pch.h" />
    <ClInclude Include="StepTimer.h">
      <Filter>Common</Filter>
    </ClInclude>
    <ClInclude Include="Telemetry.h">
      <Filter>Common</Filter>
    </ClInclude>
    <ClInclude Include="DeviceResources.h">
      <Filter>Common</Filter>
    </ClInclude>
    <ClInclude Include="..\..\..\Kits\ATGTK\ATGColors.h">
      <Filter>ATG Tool Kit</Filter>
    </ClInclude>
    <ClInclude Include="SimpleESRAM.h" />
    <ClInclude Include="..\..\..\Kits\ATGTK\ControllerFont.h">
      <Filter>ATG Tool Kit</Filter>
    </ClInclude>
    <ClInclude Include="..\..\..\Kits\ATGTK\PerformanceTimersXbox.h">
      <Filter>ATG Tool Kit</Filter>
    </ClInclude>
    <ClInclude Include="PIXHelpers.h">
      <Filter>Common</Filter>
    </ClInclude>
  </ItemGroup>
  <ItemGroup>
    <ClCompile Include="pch.cpp" />
    <ClCompile Include="Main.cpp" />
    <ClCompile Include="DeviceResources.cpp">
      <Filter>Common</Filter>
    </ClCompile>
    <ClCompile Include="SimpleESRAM.cpp" />
    <ClCompile Include="..\..\..\Kits\ATGTK\PerformanceTimersXbox.cpp">
      <Filter>ATG Tool Kit</Filter>
    </ClCompile>
  </ItemGroup>
  <ItemGroup>
    <AppxManifest Include="Package.appxmanifest" />
  </ItemGroup>
  <ItemGroup>
    <Image Include="Assets\Logo.png">
      <Filter>Assets\Logo</Filter>
    </Image>
    <Image Include="Assets\SmallLogo.png">
      <Filter>Assets\Logo</Filter>
    </Image>
    <Image Include="Assets\SplashScreen.png">
      <Filter>Assets\Logo</Filter>
    </Image>
    <Image Include="Assets\StoreLogo.png">
      <Filter>Assets\Logo</Filter>
    </Image>
    <Image Include="Assets\WideLogo.png">
      <Filter>Assets\Logo</Filter>
    </Image>
    <Image Include="..\..\..\Media\Meshes\MicroscopeCity\city.dds">
      <Filter>Assets\Models</Filter>
    </Image>
    <Image Include="..\..\..\Media\Meshes\MicroscopeCity\column.dds">
      <Filter>Assets\Models</Filter>
    </Image>
    <Image Include="..\..\..\Media\Meshes\MicroscopeCity\scanner.dds">
      <Filter>Assets\Models</Filter>
    </Image>
  </ItemGroup>
  <ItemGroup>
    <None Include="..\..\..\Media\Fonts\SegoeUI_18.spritefont">
      <Filter>Assets\Fonts</Filter>
    </None>
    <None Include="..\..\..\Media\Fonts\XboxOneControllerLegendSmall.spritefont">
      <Filter>Assets\Fonts</Filter>
    </None>
    <None Include="..\..\..\Media\Meshes\MicroscopeCity\column.sdkmesh">
      <Filter>Assets\Models</Filter>
    </None>
    <None Include="..\..\..\Media\Meshes\MicroscopeCity\occcity.sdkmesh">
      <Filter>Assets\Models</Filter>
    </None>
    <None Include="..\..\..\Media\Meshes\MicroscopeCity\scanner.sdkmesh">
      <Filter>Assets\Models</Filter>
    </None>
    <None Include="ReadMe.docx" />
  </ItemGroup>
</Project>