<?xml version="1.0" encoding="utf-8"?>
<Project ToolsVersion="4.0" xmlns="http://schemas.microsoft.com/developer/msbuild/2003">
  <ItemGroup>
    <Filter Include="Common">
      <UniqueIdentifier>628a1e60-8c8e-4f88-96b0-c0285a8e0547</UniqueIdentifier>
    </Filter>
    <Filter Include="Assets">
      <UniqueIdentifier>6d09c25a-79e5-42a3-bd04-4fcc0d3284f8</UniqueIdentifier>
      <Extensions>bmp;dds;fbx;gif;jpg;jpeg;tga;tiff;tif;png</Extensions>
    </Filter>
    <Filter Include="ATG Tool Kit">
      <UniqueIdentifier>{2027bc94-b028-4ee7-81c6-618f290f0cb9}</UniqueIdentifier>
    </Filter>
    <Filter Include="Media">
      <UniqueIdentifier>{85016833-bba2-48ac-88c8-c3f082f38b38}</UniqueIdentifier>
    </Filter>
    <Filter Include="Common\Telemetry">
      <UniqueIdentifier>{c8913420-6c4c-47bd-8aec-283fdcd5d986}</UniqueIdentifier>
    </Filter>
    <Filter Include="Common\Telemetry\ARM">
      <UniqueIdentifier>{6619b393-63f9-4f8f-9723-1e308b35d569}</UniqueIdentifier>
    </Filter>
    <Filter Include="Common\Telemetry\Win32">
      <UniqueIdentifier>{995cb962-c394-4bc2-8226-74b9e67c505c}</UniqueIdentifier>
    </Filter>
    <Filter Include="Common\Telemetry\x64">
      <UniqueIdentifier>{d165c936-ff9e-49e0-b1ea-ffa9eefdeed3}</UniqueIdentifier>
    </Filter>
    <Filter Include="Common\Telemetry\ARM64">
      <UniqueIdentifier>{c8b98561-d25d-4d4c-939e-d615d07302ab}</UniqueIdentifier>
    </Filter>
  </ItemGroup>
  <ItemGroup>
    <ClInclude Include="pch.h" />
    <ClInclude Include="PreemptiveExtendedExecution.h" />
    <ClInclude Include="..\Common\StepTimer.h">
      <Filter>Common</Filter>
    </ClInclude>
    <ClInclude Include="..\Common\DeviceResources.h">
      <Filter>Common</Filter>
    </ClInclude>
    <ClInclude Include="..\..\..\..\Kits\ATGTK\TextConsole.h">
      <Filter>ATG Tool Kit</Filter>
    </ClInclude>
    <ClInclude Include="..\..\..\..\Kits\ATGTK\ToastManager.h">
      <Filter>ATG Tool Kit</Filter>
    </ClInclude>
  </ItemGroup>
  <ItemGroup>
    <ClCompile Include="pch.cpp" />
    <ClCompile Include="PreemptiveExtendedExecution.cpp" />
    <ClCompile Include="Main.cpp" />
    <ClCompile Include="..\Common\DeviceResources.cpp">
      <Filter>Common</Filter>
    </ClCompile>
    <ClCompile Include="..\..\..\..\Kits\ATGTK\TextConsole.cpp">
      <Filter>ATG Tool Kit</Filter>
    </ClCompile>
  </ItemGroup>
  <ItemGroup>
    <Image Include="..\Common\Assets\Logo.png">
      <Filter>Assets</Filter>
    </Image>
    <Image Include="..\Common\Assets\SmallLogo.png">
      <Filter>Assets</Filter>
    </Image>
    <Image Include="..\Common\Assets\SplashScreen.png">
      <Filter>Assets</Filter>
    </Image>
    <Image Include="..\Common\Assets\StoreLogo.png">
      <Filter>Assets</Filter>
    </Image>
    <Image Include="..\Common\Assets\WideLogo.png">
      <Filter>Assets</Filter>
    </Image>
    <Image Include="..\..\..\..\Media\Textures\ATGSampleBackground.DDS">
      <Filter>Media</Filter>
    </Image>
  </ItemGroup>
  <ItemGroup>
    <AppxManifest Include="Package.appxmanifest" />
  </ItemGroup>
  <ItemGroup>
    <None Include="..\..\..\..\Media\Fonts\Courier_16.spritefont">
      <Filter>Media</Filter>
    </None>
    <None Include="..\Readme.docx" />
    <None Include="..\..\..\..\Kits\Telemetry\ARM\ATGTelemetryUWP.dll">
      <Filter>Common\Telemetry\ARM</Filter>
    </None>
    <None Include="..\..\..\..\Kits\Telemetry\x64\ATGTelemetryUWP.dll">
      <Filter>Common\Telemetry\x64</Filter>
    </None>
    <None Include="..\..\..\..\Kits\Telemetry\Win32\ATGTelemetryUWP.dll">
      <Filter>Common\Telemetry\Win32</Filter>
    </None>
    <None Include="..\..\..\..\Kits\Telemetry\ARM64\ATGTelemetryUWP.dll">
      <Filter>Common\Telemetry\ARM64</Filter>
    </None>
  </ItemGroup>
</Project>