<?xml version="1.0" encoding="utf-8"?>
<Project ToolsVersion="4.0" xmlns="http://schemas.microsoft.com/developer/msbuild/2003">
  <ItemGroup>
    <Filter Include="Common">
      <UniqueIdentifier>083b1f91-70fe-4f3f-b500-6d036d006e33</UniqueIdentifier>
    </Filter>
    <Filter Include="Assets">
      <UniqueIdentifier>c6c6548c-1d71-41ee-99c3-d102038cd32f</UniqueIdentifier>
      <Extensions>bmp;dds;fbx;gif;jpg;jpeg;tga;tiff;tif;png</Extensions>
    </Filter>
    <Filter Include="ATG Tool Kit">
      <UniqueIdentifier>3e88b19d-f2e0-4a43-8531-0252dc02355d</UniqueIdentifier>
    </Filter>
  </ItemGroup>
  <ItemGroup>
    <ClInclude Include="pch.h" />
    <ClInclude Include="GameDVR.h" />
    <ClInclude Include="StepTimer.h">
      <Filter>Common</Filter>
    </ClInclude>
    <ClInclude Include="Telemetry.h">
      <Filter>Common</Filter>
    </ClInclude>
    <ClInclude Include="DeviceResources.h">
      <Filter>Common</Filter>
    </ClInclude>
    <ClInclude Include="..\..\..\Kits\ATGTK\ATGColors.h">
      <Filter>ATG Tool Kit</Filter>
    </ClInclude>
  </ItemGroup>
  <ItemGroup>
    <ClCompile Include="pch.cpp" />
    <ClCompile Include="GameDVR.cpp" />
    <ClCompile Include="Main.cpp" />
    <ClCompile Include="DeviceResources.cpp">
      <Filter>Common</Filter>
    </ClCompile>
  </ItemGroup>
  <ItemGroup>
    <AppxManifest Include="Package.appxmanifest" />
  </ItemGroup>
  <ItemGroup>
    <Image Include="Assets\Logo.png">
      <Filter>Assets</Filter>
    </Image>
    <Image Include="Assets\SmallLogo.png">
      <Filter>Assets</Filter>
    </Image>
    <Image Include="Assets\SplashScreen.png">
      <Filter>Assets</Filter>
    </Image>
    <Image Include="Assets\StoreLogo.png">
      <Filter>Assets</Filter>
    </Image>
    <Image Include="Assets\WideLogo.png">
      <Filter>Assets</Filter>
    </Image>
  </ItemGroup>
  <ItemGroup>
    <None Include="ReadMe.docx" />
    <None Include="..\..\..\Media\Fonts\SegoeUI_24.spritefont">
      <Filter>Assets</Filter>
    </None>
    <None Include="..\..\..\Media\Fonts\SegoeUI_36.spritefont">
      <Filter>Assets</Filter>
    </None>
    <None Include="..\..\..\Media\Fonts\SegoeUI_48.spritefont">
      <Filter>Assets</Filter>
    </None>
  </ItemGroup>
</Project>